
Microsoft Visual Studio Solution File, Format Version 11.00
# Visual Studio 2010
Project("{FAE04EC0-301F-11D3-BF4B-00C04F79EFBC}") = "Chapter7.WCFWebService", "Chapter7.WCFWebService\Chapter7.WCFWebService.csproj", "{FB6F4B26-AC90-44E7-9C86-9CCB0154B579}"
EndProject
Project("{FAE04EC0-301F-11D3-BF4B-00C04F79EFBC}") = "Chapter7.WCFWebServiceHost", "Chapter7.WCFWebServiceClient\Chapter7.WCFWebServiceHost.csproj", "{C19DF4DF-902C-40AB-ADFE-CF5F4424B14E}"
EndProject
Global
	GlobalSection(SolutionConfigurationPlatforms) = preSolution
		Debug|Any CPU = Debug|Any CPU
		Debug|Mixed Platforms = Debug|Mixed Platforms
		Debug|x86 = Debug|x86
		Release|Any CPU = Release|Any CPU
		Release|Mixed Platforms = Release|Mixed Platforms
		Release|x86 = Release|x86
	EndGlobalSection
	GlobalSection(ProjectConfigurationPlatforms) = postSolution
		{FB6F4B26-AC90-44E7-9C86-9CCB0154B579}.Debug|Any CPU.ActiveCfg = Debug|Any CPU
		{FB6F4B26-AC90-44E7-9C86-9CCB0154B579}.Debug|Any CPU.Build.0 = Debug|Any CPU
		{FB6F4B26-AC90-44E7-9C86-9CCB0154B579}.Debug|Mixed Platforms.ActiveCfg = Debug|Any CPU
		{FB6F4B26-AC90-44E7-9C86-9CCB0154B579}.Debug|Mixed Platforms.Build.0 = Debug|Any CPU
		{FB6F4B26-AC90-44E7-9C86-9CCB0154B579}.Debug|x86.ActiveCfg = Debug|Any CPU
		{FB6F4B26-AC90-44E7-9C86-9CCB0154B579}.Release|Any CPU.ActiveCfg = Release|Any CPU
		{FB6F4B26-AC90-44E7-9C86-9CCB0154B579}.Release|Any CPU.Build.0 = Release|Any CPU
		{FB6F4B26-AC90-44E7-9C86-9CCB0154B579}.Release|Mixed Platforms.ActiveCfg = Release|Any CPU
		{FB6F4B26-AC90-44E7-9C86-9CCB0154B579}.Release|Mixed Platforms.Build.0 = Release|Any CPU
		{FB6F4B26-AC90-44E7-9C86-9CCB0154B579}.Release|x86.ActiveCfg = Release|Any CPU
		{C19DF4DF-902C-40AB-ADFE-CF5F4424B14E}.Debug|Any CPU.ActiveCfg = Debug|x86
		{C19DF4DF-902C-40AB-ADFE-CF5F4424B14E}.Debug|Mixed Platforms.ActiveCfg = Debug|x86
		{C19DF4DF-902C-40AB-ADFE-CF5F4424B14E}.Debug|Mixed Platforms.Build.0 = Debug|x86
		{C19DF4DF-902C-40AB-ADFE-CF5F4424B14E}.Debug|x86.ActiveCfg = Debug|x86
		{C19DF4DF-902C-40AB-ADFE-CF5F4424B14E}.Debug|x86.Build.0 = Debug|x86
		{C19DF4DF-902C-40AB-ADFE-CF5F4424B14E}.Release|Any CPU.ActiveCfg = Release|x86
		{C19DF4DF-902C-40AB-ADFE-CF5F4424B14E}.Release|Mixed Platforms.ActiveCfg = Release|x86
		{C19DF4DF-902C-40AB-ADFE-CF5F4424B14E}.Release|Mixed Platforms.Build.0 = Release|x86
		{C19DF4DF-902C-40AB-ADFE-CF5F4424B14E}.Release|x86.ActiveCfg = Release|x86
		{C19DF4DF-902C-40AB-ADFE-CF5F4424B14E}.Release|x86.Build.0 = Release|x86
	EndGlobalSection
	GlobalSection(SolutionProperties) = preSolution
		HideSolutionNode = FALSE
	EndGlobalSection
EndGlobal
